
Microsoft Visual Studio Solution File, Format Version 12.00
# Visual Studio Version 17
VisualStudioVersion = 17.3.32929.385
MinimumVisualStudioVersion = 10.0.40219.1
Project("{FAE04EC0-301F-11D3-BF4B-00C04F79EFBC}") = "back", "back\back.csproj", "{953816B6-AB25-46F9-9E73-8CC11ED6A8EE}"
EndProject
Global
	GlobalSection(SolutionConfigurationPlatforms) = preSolution
		Debug|Any CPU = Debug|Any CPU
		Release|Any CPU = Release|Any CPU
	EndGlobalSection
	GlobalSection(ProjectConfigurationPlatforms) = postSolution
		{953816B6-AB25-46F9-9E73-8CC11ED6A8EE}.Debug|Any CPU.ActiveCfg = Debug|Any CPU
		{953816B6-AB25-46F9-9E73-8CC11ED6A8EE}.Debug|Any CPU.Build.0 = Debug|Any CPU
		{953816B6-AB25-46F9-9E73-8CC11ED6A8EE}.Release|Any CPU.ActiveCfg = Release|Any CPU
		{953816B6-AB25-46F9-9E73-8CC11ED6A8EE}.Release|Any CPU.Build.0 = Release|Any CPU
	EndGlobalSection
	GlobalSection(SolutionProperties) = preSolution
		HideSolutionNode = FALSE
	EndGlobalSection
	GlobalSection(ExtensibilityGlobals) = postSolution
		SolutionGuid = {3E9DC8B3-C6D9-4393-BD04-8A6D2236F8FC}
	EndGlobalSection
EndGlobal
